// !$*UTF8*$!
{
	archiveVersion = 1;
	classes = {
	};
	objectVersion = 46;
	objects = {

/* Begin PBXBuildFile section */
		8DCE30141F1BAEAE007400C0 /* AppDelegate.swift in Sources */ = {isa = PBXBuildFile; fileRef = 8DCE30131F1BAEAE007400C0 /* AppDelegate.swift */; };
		8DCE30161F1BAEAE007400C0 /* ViewController.swift in Sources */ = {isa = PBXBuildFile; fileRef = 8DCE30151F1BAEAE007400C0 /* ViewController.swift */; };
		8DCE30191F1BAEAE007400C0 /* Main.storyboard in Resources */ = {isa = PBXBuildFile; fileRef = 8DCE30171F1BAEAE007400C0 /* Main.storyboard */; };
		8DCE301B1F1BAEAE007400C0 /* Assets.xcassets in Resources */ = {isa = PBXBuildFile; fileRef = 8DCE301A1F1BAEAE007400C0 /* Assets.xcassets */; };
		8DCE301E1F1BAEAE007400C0 /* LaunchScreen.storyboard in Resources */ = {isa = PBXBuildFile; fileRef = 8DCE301C1F1BAEAE007400C0 /* LaunchScreen.storyboard */; };
/* End PBXBuildFile section */

/* Begin PBXFileReference section */
		8DCE30101F1BAEAE007400C0 /* Hipsta.app */ = {isa = PBXFileReference; explicitFileType = wrapper.application; includeInIndex = 0; path = Hipsta.app; sourceTree = BUILT_PRODUCTS_DIR; };
		8DCE30131F1BAEAE007400C0 /* AppDelegate.swift */ = {isa = PBXFileReference; lastKnownFileType = sourcecode.swift; path = AppDelegate.swift; sourceTree = "<group>"; };
		8DCE30151F1BAEAE007400C0 /* ViewController.swift */ = {isa = PBXFileReference; lastKnownFileType = sourcecode.swift; path = ViewController.swift; sourceTree = "<group>"; };
		8DCE30181F1BAEAE007400C0 /* Base */ = {isa = PBXFileReference; lastKnownFileType = file.storyboard; name = Base; path = Base.lproj/Main.storyboard; sourceTree = "<group>"; };
		8DCE301A1F1BAEAE007400C0 /* Assets.xcassets */ = {isa = PBXFileReference; lastKnownFileType = folder.assetcatalog; path = Assets.xcassets; sourceTree = "<group>"; };
		8DCE301D1F1BAEAE007400C0 /* Base */ = {isa = PBXFileReference; lastKnownFileType = file.storyboard; name = Base; path = Base.lproj/LaunchScreen.storyboard; sourceTree = "<group>"; };
		8DCE301F1F1BAEAE007400C0 /* Info.plist */ = {isa = PBXFileReference; lastKnownFileType = text.plist.xml; path = Info.plist; sourceTree = "<group>"; };
/* End PBXFileReference section */

/* Begin PBXFrameworksBuildPhase section */
		8DCE300D1F1BAEAE007400C0 /* Frameworks */ = {
			isa = PBXFrameworksBuildPhase;
			buildActionMask = 2147483647;
			files = (
			);
			runOnlyForDeploymentPostprocessing = 0;
		};
/* End PBXFrameworksBuildPhase section */

/* Begin PBXGroup section */
		8DCE30071F1BAEAE007400C0 = {
			isa = PBXGroup;
			children = (
				8DCE30121F1BAEAE007400C0 /* Hipsta */,
				8DCE30111F1BAEAE007400C0 /* Products */,
			);
			sourceTree = "<group>";
		};
		8DCE30111F1BAEAE007400C0 /* Products */ = {
			isa = PBXGroup;
			children = (
				8DCE30101F1BAEAE007400C0 /* Hipsta.app */,
			);
			name = Products;
			sourceTree = "<group>";
		};
		8DCE30121F1BAEAE007400C0 /* Hipsta */ = {
			isa = PBXGroup;
			children = (
				8DCE30131F1BAEAE007400C0 /* AppDelegate.swift */,
				8DCE30151F1BAEAE007400C0 /* ViewController.swift */,
				8DCE30171F1BAEAE007400C0 /* Main.storyboard */,
				8DCE301A1F1BAEAE007400C0 /* Assets.xcassets */,
				8DCE301C1F1BAEAE007400C0 /* LaunchScreen.storyboard */,
				8DCE301F1F1BAEAE007400C0 /* Info.plist */,
			);
			path = Hipsta;
			sourceTree = "<group>";
		};
/* End PBXGroup section */

/* Begin PBXNativeTarget section */
		8DCE300F1F1BAEAE007400C0 /* Hipsta */ = {
			isa = PBXNativeTarget;
			buildConfigurationList = 8DCE30221F1BAEAE007400C0 /* Build configuration list for PBXNativeTarget "Hipsta" */;
			buildPhases = (
				8DCE300C1F1BAEAE007400C0 /* Sources */,
				8DCE300D1F1BAEAE007400C0 /* Frameworks */,
				8DCE300E1F1BAEAE007400C0 /* Resources */,
			);
			buildRules = (
			);
			dependencies = (
			);
			name = Hipsta;
			productName = Hipsta;
			productReference = 8DCE30101F1BAEAE007400C0 /* Hipsta.app */;
			productType = "com.apple.product-type.application";
		};
/* End PBXNativeTarget section */

/* Begin PBXProject section */
		8DCE30081F1BAEAE007400C0 /* Project object */ = {
			isa = PBXProject;
			attributes = {
				LastSwiftUpdateCheck = 0830;
				LastUpgradeCheck = 0830;
				ORGANIZATIONNAME = Mm;
				TargetAttributes = {
					8DCE300F1F1BAEAE007400C0 = {
						CreatedOnToolsVersion = 8.3.3;
						DevelopmentTeam = 63CUFUS58C;
						ProvisioningStyle = Automatic;
					};
				};
			};
			buildConfigurationList = 8DCE300B1F1BAEAE007400C0 /* Build configuration list for PBXProject "Hipsta" */;
			compatibilityVersion = "Xcode 3.2";
			developmentRegion = English;
			hasScannedForEncodings = 0;
			knownRegions = (
				en,
				Base,
			);
			mainGroup = 8DCE30071F1BAEAE007400C0;
			productRefGroup = 8DCE30111F1BAEAE007400C0 /* Products */;
			projectDirPath = "";
			projectRoot = "";
			targets = (
				8DCE300F1F1BAEAE007400C0 /* Hipsta */,
			);
		};
/* End PBXProject section */

/* Begin PBXResourcesBuildPhase section */
		8DCE300E1F1BAEAE007400C0 /* Resources */ = {
			isa = PBXResourcesBuildPhase;
			buildActionMask = 2147483647;
			files = (
				8DCE301E1F1BAEAE007400C0 /* LaunchScreen.storyboard in Resources */,
				8DCE301B1F1BAEAE007400C0 /* Assets.xcassets in Resources */,
				8DCE30191F1BAEAE007400C0 /* Main.storyboard in Resources */,
			);
			runOnlyForDeploymentPostprocessing = 0;
		};
/* End PBXResourcesBuildPhase section */

/* Begin PBXSourcesBuildPhase section */
		8DCE300C1F1BAEAE007400C0 /* Sources */ = {
			isa = PBXSourcesBuildPhase;
			buildActionMask = 2147483647;
			files = (
				8DCE30161F1BAEAE007400C0 /* ViewController.swift in Sources */,
				8DCE30141F1BAEAE007400C0 /* AppDelegate.swift in Sources */,
			);
			runOnlyForDeploymentPostprocessing = 0;
		};
/* End PBXSourcesBuildPhase section */

/* Begin PBXVariantGroup section */
		8DCE30171F1BAEAE007400C0 /* Main.storyboard */ = {
			isa = PBXVariantGroup;
			children = (
				8DCE30181F1BAEAE007400C0 /* Base */,
			);
			name = Main.storyboard;
			sourceTree = "<group>";
		};
		8DCE301C1F1BAEAE007400C0 /* LaunchScreen.storyboard */ = {
			isa = PBXVariantGroup;
			children = (
				8DCE301D1F1BAEAE007400C0 /* Base */,
			);
			name = LaunchScreen.storyboard;
			sourceTree = "<group>";
		};
/* End PBXVariantGroup section */

/* Begin XCBuildConfiguration section */
		8DCE30201F1BAEAE007400C0 /* Debug */ = {
			isa = XCBuildConfiguration;
			buildSettings = {
				ALWAYS_SEARCH_USER_PATHS = NO;
				CLANG_ANALYZER_NONNULL = YES;
				CLANG_ANALYZER_NUMBER_OBJECT_CONVERSION = YES_AGGRESSIVE;
				CLANG_CXX_LANGUAGE_STANDARD = "gnu++0x";
				CLANG_CXX_LIBRARY = "libc++";
				CLANG_ENABLE_MODULES = YES;
				CLANG_ENABLE_OBJC_ARC = YES;
				CLANG_WARN_BOOL_CONVERSION = YES;
				CLANG_WARN_CONSTANT_CONVERSION = YES;
				CLANG_WARN_DIRECT_OBJC_ISA_USAGE = YES_ERROR;
				CLANG_WARN_DOCUMENTATION_COMMENTS = YES;
				CLANG_WARN_EMPTY_BODY = YES;
				CLANG_WARN_ENUM_CONVERSION = YES;
				CLANG_WARN_INFINITE_RECURSION = YES;
				CLANG_WARN_INT_CONVERSION = YES;
				CLANG_WARN_OBJC_ROOT_CLASS = YES_ERROR;
				CLANG_WARN_SUSPICIOUS_MOVE = YES;
				CLANG_WARN_UNREACHABLE_CODE = YES;
				CLANG_WARN__DUPLICATE_METHOD_MATCH = YES;
				"CODE_SIGN_IDENTITY[sdk=iphoneos*]" = "iPhone Developer";
				COPY_PHASE_STRIP = NO;
				DEBUG_INFORMATION_FORMAT = dwarf;
				ENABLE_STRICT_OBJC_MSGSEND = YES;
				ENABLE_TESTABILITY = YES;
				GCC_C_LANGUAGE_STANDARD = gnu99;
				GCC_DYNAMIC_NO_PIC = NO;
				GCC_NO_COMMON_BLOCKS = YES;
				GCC_OPTIMIZATION_LEVEL = 0;
				GCC_PREPROCESSOR_DEFINITIONS = (
					"DEBUG=1",
					"$(inherited)",
				);
				GCC_WARN_64_TO_32_BIT_CONVERSION = YES;
				GCC_WARN_ABOUT_RETURN_TYPE = YES_ERROR;
				GCC_WARN_UNDECLARED_SELECTOR = YES;
				GCC_WARN_UNINITIALIZED_AUTOS = YES_AGGRESSIVE;
				GCC_WARN_UNUSED_FUNCTION = YES;
				GCC_WARN_UNUSED_VARIABLE = YES;
				IPHONEOS_DEPLOYMENT_TARGET = 10.3;
				MTL_ENABLE_DEBUG_INFO = YES;
				ONLY_ACTIVE_ARCH = YES;
				SDKROOT = iphoneos;
				SWIFT_ACTIVE_COMPILATION_CONDITIONS = DEBUG;
				SWIFT_OPTIMIZATION_LEVEL = "-Onone";
			};
			name = Debug;
		};
		8DCE30211F1BAEAE007400C0 /* Release */ = {
			isa = XCBuildConfiguration;
			buildSettings = {
				ALWAYS_SEARCH_USER_PATHS = NO;
				CLANG_ANALYZER_NONNULL = YES;
				CLANG_ANALYZER_NUMBER_OBJECT_CONVERSION = YES_AGGRESSIVE;
				CLANG_CXX_LANGUAGE_STANDARD = "gnu++0x";
				CLANG_CXX_LIBRARY = "libc++";
				CLANG_ENABLE_MODULES = YES;
				CLANG_ENABLE_OBJC_ARC = YES;
				CLANG_WARN_BOOL_CONVERSION = YES;
				CLANG_WARN_CONSTANT_CONVERSION = YES;
				CLANG_WARN_DIRECT_OBJC_ISA_USAGE = YES_ERROR;
				CLANG_WARN_DOCUMENTATION_COMMENTS = YES;
				CLANG_WARN_EMPTY_BODY = YES;
				CLANG_WARN_ENUM_CONVERSION = YES;
				CLANG_WARN_INFINITE_RECURSION = YES;
				CLANG_WARN_INT_CONVERSION = YES;
				CLANG_WARN_OBJC_ROOT_CLASS = YES_ERROR;
				CLANG_WARN_SUSPICIOUS_MOVE = YES;
				CLANG_WARN_UNREACHABLE_CODE = YES;
				CLANG_WARN__DUPLICATE_METHOD_MATCH = YES;
				"CODE_SIGN_IDENTITY[sdk=iphoneos*]" = "iPhone Developer";
				COPY_PHASE_STRIP = NO;
				DEBUG_INFORMATION_FORMAT = "dwarf-with-dsym";
				ENABLE_NS_ASSERTIONS = NO;
				ENABLE_STRICT_OBJC_MSGSEND = YES;
				GCC_C_LANGUAGE_STANDARD = gnu99;
				GCC_NO_COMMON_BLOCKS = YES;
				GCC_WARN_64_TO_32_BIT_CONVERSION = YES;
				GCC_WARN_ABOUT_RETURN_TYPE = YES_ERROR;
				GCC_WARN_UNDECLARED_SELECTOR = YES;
				GCC_WARN_UNINITIALIZED_AUTOS = YES_AGGRESSIVE;
				GCC_WARN_UNUSED_FUNCTION = YES;
				GCC_WARN_UNUSED_VARIABLE = YES;
				IPHONEOS_DEPLOYMENT_TARGET = 10.3;
				MTL_ENABLE_DEBUG_INFO = NO;
				SDKROOT = iphoneos;
				SWIFT_OPTIMIZATION_LEVEL = "-Owholemodule";
				VALIDATE_PRODUCT = YES;
			};
			name = Release;
		};
		8DCE30231F1BAEAE007400C0 /* Debug */ = {
			isa = XCBuildConfiguration;
			buildSettings = {
				ASSETCATALOG_COMPILER_APPICON_NAME = AppIcon;
				DEVELOPMENT_TEAM = 63CUFUS58C;
				INFOPLIST_FILE = Hipsta/Info.plist;
				LD_RUNPATH_SEARCH_PATHS = "$(inherited) @executable_path/Frameworks";
				PRODUCT_BUNDLE_IDENTIFIER = MM46.Hipsta;
				PRODUCT_NAME = "$(TARGET_NAME)";
				SWIFT_VERSION = 3.0;
			};
			name = Debug;
		};
		8DCE30241F1BAEAE007400C0 /* Release */ = {
			isa = XCBuildConfiguration;
			buildSettings = {
				ASSETCATALOG_COMPILER_APPICON_NAME = AppIcon;
				DEVELOPMENT_TEAM = 63CUFUS58C;
				INFOPLIST_FILE = Hipsta/Info.plist;
				LD_RUNPATH_SEARCH_PATHS = "$(inherited) @executable_path/Frameworks";
				PRODUCT_BUNDLE_IDENTIFIER = MM46.Hipsta;
				PRODUCT_NAME = "$(TARGET_NAME)";
				SWIFT_VERSION = 3.0;
			};
			name = Release;
		};
/* End XCBuildConfiguration section */

/* Begin XCConfigurationList section */
		8DCE300B1F1BAEAE007400C0 /* Build configuration list for PBXProject "Hipsta" */ = {
			isa = XCConfigurationList;
			buildConfigurations = (
				8DCE30201F1BAEAE007400C0 /* Debug */,
				8DCE30211F1BAEAE007400C0 /* Release */,
			);
			defaultConfigurationIsVisible = 0;
			defaultConfigurationName = Release;
		};
		8DCE30221F1BAEAE007400C0 /* Build configuration list for PBXNativeTarget "Hipsta" */ = {
			isa = XCConfigurationList;
			buildConfigurations = (
				8DCE30231F1BAEAE007400C0 /* Debug */,
				8DCE30241F1BAEAE007400C0 /* Release */,
			);
			defaultConfigurationIsVisible = 0;
		};
/* End XCConfigurationList section */
	};
	rootObject = 8DCE30081F1BAEAE007400C0 /* Project object */;
}
